
Microsoft Visual Studio Solution File, Format Version 12.00
# Visual Studio Version 17
VisualStudioVersion = 17.10.35122.118
MinimumVisualStudioVersion = 10.0.40219.1
Project("{FAE04EC0-301F-11D3-BF4B-00C04F79EFBC}") = "AcatonApi", "Acaton\AcatonApi.csproj", "{C09823FE-CAC2-48FB-B38B-306A75B5408F}"
EndProject
Project("{FAE04EC0-301F-11D3-BF4B-00C04F79EFBC}") = "BLL", "BLL\BLL.csproj", "{F06AE9A3-0089-4503-904E-AFE120F0216F}"
EndProject
Project("{FAE04EC0-301F-11D3-BF4B-00C04F79EFBC}") = "Models", "Models\Models.csproj", "{1EE7184C-78A8-4BDB-8484-52767C581591}"
EndProject
Global
	GlobalSection(SolutionConfigurationPlatforms) = preSolution
		Debug|Any CPU = Debug|Any CPU
		Release|Any CPU = Release|Any CPU
	EndGlobalSection
	GlobalSection(ProjectConfigurationPlatforms) = postSolution
		{C09823FE-CAC2-48FB-B38B-306A75B5408F}.Debug|Any CPU.ActiveCfg = Debug|Any CPU
		{C09823FE-CAC2-48FB-B38B-306A75B5408F}.Debug|Any CPU.Build.0 = Debug|Any CPU
		{C09823FE-CAC2-48FB-B38B-306A75B5408F}.Release|Any CPU.ActiveCfg = Release|Any CPU
		{C09823FE-CAC2-48FB-B38B-306A75B5408F}.Release|Any CPU.Build.0 = Release|Any CPU
		{F06AE9A3-0089-4503-904E-AFE120F0216F}.Debug|Any CPU.ActiveCfg = Debug|Any CPU
		{F06AE9A3-0089-4503-904E-AFE120F0216F}.Debug|Any CPU.Build.0 = Debug|Any CPU
		{F06AE9A3-0089-4503-904E-AFE120F0216F}.Release|Any CPU.ActiveCfg = Release|Any CPU
		{F06AE9A3-0089-4503-904E-AFE120F0216F}.Release|Any CPU.Build.0 = Release|Any CPU
		{1EE7184C-78A8-4BDB-8484-52767C581591}.Debug|Any CPU.ActiveCfg = Debug|Any CPU
		{1EE7184C-78A8-4BDB-8484-52767C581591}.Debug|Any CPU.Build.0 = Debug|Any CPU
		{1EE7184C-78A8-4BDB-8484-52767C581591}.Release|Any CPU.ActiveCfg = Release|Any CPU
		{1EE7184C-78A8-4BDB-8484-52767C581591}.Release|Any CPU.Build.0 = Release|Any CPU
	EndGlobalSection
	GlobalSection(SolutionProperties) = preSolution
		HideSolutionNode = FALSE
	EndGlobalSection
	GlobalSection(ExtensibilityGlobals) = postSolution
		SolutionGuid = {AC56851B-97EB-4E5D-86AD-87E974A2F37D}
	EndGlobalSection
EndGlobal
